
Microsoft Visual Studio Solution File, Format Version 12.00
# Visual Studio Version 17
VisualStudioVersion = 17.4.33110.190
MinimumVisualStudioVersion = 10.0.40219.1
Project("{FAE04EC0-301F-11D3-BF4B-00C04F79EFBC}") = "DisplayDate", "DisplayDate\DisplayDate.csproj", "{3930C960-E881-4404-A66B-0411E58B6BE6}"
EndProject
Global
	GlobalSection(SolutionConfigurationPlatforms) = preSolution
		Debug|Any CPU = Debug|Any CPU
		Release|Any CPU = Release|Any CPU
	EndGlobalSection
	GlobalSection(ProjectConfigurationPlatforms) = postSolution
		{3930C960-E881-4404-A66B-0411E58B6BE6}.Debug|Any CPU.ActiveCfg = Debug|Any CPU
		{3930C960-E881-4404-A66B-0411E58B6BE6}.Debug|Any CPU.Build.0 = Debug|Any CPU
		{3930C960-E881-4404-A66B-0411E58B6BE6}.Release|Any CPU.ActiveCfg = Release|Any CPU
		{3930C960-E881-4404-A66B-0411E58B6BE6}.Release|Any CPU.Build.0 = Release|Any CPU
	EndGlobalSection
	GlobalSection(SolutionProperties) = preSolution
		HideSolutionNode = FALSE
	EndGlobalSection
	GlobalSection(ExtensibilityGlobals) = postSolution
		SolutionGuid = {379686D5-EA3C-4824-BB27-2A45E572B2E4}
	EndGlobalSection
EndGlobal
